
Microsoft Visual Studio Solution File, Format Version 12.00
# Visual Studio Version 16
VisualStudioVersion = 16.0.30204.135
MinimumVisualStudioVersion = 10.0.40219.1
Project("{9A19103F-16F7-4668-BE54-9A1E7A4F7556}") = "FashionHouse.Web.Seller", "FashionHouse.Web.Seller\FashionHouse.Web.Seller.csproj", "{93771D6C-B1EC-485D-800B-81EEE49EAB81}"
EndProject
Project("{9A19103F-16F7-4668-BE54-9A1E7A4F7556}") = "FashionHouse.Data.EF", "FashionHouse.Data.EF\FashionHouse.Data.EF.csproj", "{064DC84A-23A4-49AB-8651-22EFDCAC8332}"
EndProject
Project("{9A19103F-16F7-4668-BE54-9A1E7A4F7556}") = "FashionHouse.Data", "FashionHouse.Data\FashionHouse.Data.csproj", "{1F5D4E9F-1836-42A8-A50F-2348FCDFE7F8}"
EndProject
Global
	GlobalSection(SolutionConfigurationPlatforms) = preSolution
		Debug|Any CPU = Debug|Any CPU
		Release|Any CPU = Release|Any CPU
	EndGlobalSection
	GlobalSection(ProjectConfigurationPlatforms) = postSolution
		{93771D6C-B1EC-485D-800B-81EEE49EAB81}.Debug|Any CPU.ActiveCfg = Debug|Any CPU
		{93771D6C-B1EC-485D-800B-81EEE49EAB81}.Debug|Any CPU.Build.0 = Debug|Any CPU
		{93771D6C-B1EC-485D-800B-81EEE49EAB81}.Release|Any CPU.ActiveCfg = Release|Any CPU
		{93771D6C-B1EC-485D-800B-81EEE49EAB81}.Release|Any CPU.Build.0 = Release|Any CPU
		{064DC84A-23A4-49AB-8651-22EFDCAC8332}.Debug|Any CPU.ActiveCfg = Debug|Any CPU
		{064DC84A-23A4-49AB-8651-22EFDCAC8332}.Debug|Any CPU.Build.0 = Debug|Any CPU
		{064DC84A-23A4-49AB-8651-22EFDCAC8332}.Release|Any CPU.ActiveCfg = Release|Any CPU
		{064DC84A-23A4-49AB-8651-22EFDCAC8332}.Release|Any CPU.Build.0 = Release|Any CPU
		{1F5D4E9F-1836-42A8-A50F-2348FCDFE7F8}.Debug|Any CPU.ActiveCfg = Debug|Any CPU
		{1F5D4E9F-1836-42A8-A50F-2348FCDFE7F8}.Debug|Any CPU.Build.0 = Debug|Any CPU
		{1F5D4E9F-1836-42A8-A50F-2348FCDFE7F8}.Release|Any CPU.ActiveCfg = Release|Any CPU
		{1F5D4E9F-1836-42A8-A50F-2348FCDFE7F8}.Release|Any CPU.Build.0 = Release|Any CPU
	EndGlobalSection
	GlobalSection(SolutionProperties) = preSolution
		HideSolutionNode = FALSE
	EndGlobalSection
	GlobalSection(ExtensibilityGlobals) = postSolution
		SolutionGuid = {C0C84022-07D0-4916-A972-761D5A011444}
	EndGlobalSection
EndGlobal
